
Microsoft Visual Studio Solution File, Format Version 12.00
# Visual Studio Version 16
VisualStudioVersion = 16.0.31729.503
MinimumVisualStudioVersion = 10.0.40219.1
Project("{FAE04EC0-301F-11D3-BF4B-00C04F79EFBC}") = "GameShop", "GameShop\GameShop.csproj", "{88CEF0A5-09EB-4084-946F-FF4738C82549}"
EndProject
Global
	GlobalSection(SolutionConfigurationPlatforms) = preSolution
		Debug|Any CPU = Debug|Any CPU
		Release|Any CPU = Release|Any CPU
	EndGlobalSection
	GlobalSection(ProjectConfigurationPlatforms) = postSolution
		{88CEF0A5-09EB-4084-946F-FF4738C82549}.Debug|Any CPU.ActiveCfg = Debug|Any CPU
		{88CEF0A5-09EB-4084-946F-FF4738C82549}.Debug|Any CPU.Build.0 = Debug|Any CPU
		{88CEF0A5-09EB-4084-946F-FF4738C82549}.Release|Any CPU.ActiveCfg = Release|Any CPU
		{88CEF0A5-09EB-4084-946F-FF4738C82549}.Release|Any CPU.Build.0 = Release|Any CPU
	EndGlobalSection
	GlobalSection(SolutionProperties) = preSolution
		HideSolutionNode = FALSE
	EndGlobalSection
	GlobalSection(ExtensibilityGlobals) = postSolution
		SolutionGuid = {01C7D6E4-8BAA-42C0-8576-9DF51B5FE14A}
	EndGlobalSection
EndGlobal
